
Microsoft Visual Studio Solution File, Format Version 12.00
# Visual Studio 14
VisualStudioVersion = 14.0.23107.0
MinimumVisualStudioVersion = 10.0.40219.1
Project("{2150E333-8FDC-42A3-9474-1A3956D46DE8}") = "Data", "Data", "{1DCFFFC2-391C-4F1D-BF9A-8AE30DC3B32C}"
EndProject
Project("{2150E333-8FDC-42A3-9474-1A3956D46DE8}") = "Server", "Server", "{D95EF4E8-8C6F-4648-BA19-20302FDEEDF3}"
EndProject
Project("{2150E333-8FDC-42A3-9474-1A3956D46DE8}") = "Services", "Services", "{5EA9B297-943D-4FF5-A907-DE9A908692B6}"
EndProject
Project("{2150E333-8FDC-42A3-9474-1A3956D46DE8}") = "Tests", "Tests", "{41C4659A-7F72-43BE-8FCD-5E489C601D4A}"
EndProject
Project("{FAE04EC0-301F-11D3-BF4B-00C04F79EFBC}") = "PSher.Data", "Data\pSher.Data\PSher.Data.csproj", "{6914EED5-ADF6-41C8-9346-C1D34E43E5F4}"
EndProject
Project("{FAE04EC0-301F-11D3-BF4B-00C04F79EFBC}") = "PSher.Models", "Data\pSher.Models\PSher.Models.csproj", "{92294ABD-2550-4783-9331-7FADB440C04A}"
EndProject
Project("{FAE04EC0-301F-11D3-BF4B-00C04F79EFBC}") = "PSher.Services.Data", "Services\pSher.Services.Data\PSher.Services.Data.csproj", "{FBE1C1A6-CCCD-447A-9D45-CF9461A2E54B}"
EndProject
Project("{FAE04EC0-301F-11D3-BF4B-00C04F79EFBC}") = "PSher.Api", "Server\pSher.Api\PSher.Api.csproj", "{36DB54C3-8E72-40F5-95A2-01985CA40E2C}"
EndProject
Project("{FAE04EC0-301F-11D3-BF4B-00C04F79EFBC}") = "PSher.Api.Tests", "Tests\pSher.Api.Tests\PSher.Api.Tests.csproj", "{90E7D41F-219A-47BD-AD9E-7BEAC9C6FDAD}"
EndProject
Project("{2150E333-8FDC-42A3-9474-1A3956D46DE8}") = "Common", "Common", "{01F9AA9B-CC8E-4664-A39E-A7B381283D72}"
EndProject
Project("{FAE04EC0-301F-11D3-BF4B-00C04F79EFBC}") = "PSher.Common", "Common\PSher.Common\PSher.Common.csproj", "{F007C32E-43DC-448D-A1A6-A962A51930F0}"
EndProject
Project("{FAE04EC0-301F-11D3-BF4B-00C04F79EFBC}") = "PSher.Services.Logic", "Services\PSher.Services.Logic\PSher.Services.Logic.csproj", "{65F105F7-CE10-43B0-978E-FA2AEC454970}"
EndProject
Project("{FAE04EC0-301F-11D3-BF4B-00C04F79EFBC}") = "PSher.Services.Common", "Services\PSher.Services.Common\PSher.Services.Common.csproj", "{DD22BAFC-1B13-4EE2-BE62-1C1F01CEED69}"
EndProject
Project("{2150E333-8FDC-42A3-9474-1A3956D46DE8}") = "WebClient", "WebClient", "{E91D25C5-5562-4D40-908B-5B95EF534D4E}"
EndProject
Project("{E24C65DC-7377-472B-9ABA-BC803B73C61A}") = "JsClient", "JsClient\", "{9CA8DB6F-6974-4F49-9B51-249CCCCC3DD4}"
	ProjectSection(WebsiteProperties) = preProject
		TargetFrameworkMoniker = ".NETFramework,Version%3Dv4.0"
		Debug.AspNetCompiler.VirtualPath = "/localhost_2172"
		Debug.AspNetCompiler.PhysicalPath = "JsClient\"
		Debug.AspNetCompiler.TargetPath = "PrecompiledWeb\localhost_2172\"
		Debug.AspNetCompiler.Updateable = "true"
		Debug.AspNetCompiler.ForceOverwrite = "true"
		Debug.AspNetCompiler.FixedNames = "false"
		Debug.AspNetCompiler.Debug = "True"
		Release.AspNetCompiler.VirtualPath = "/localhost_2172"
		Release.AspNetCompiler.PhysicalPath = "JsClient\"
		Release.AspNetCompiler.TargetPath = "PrecompiledWeb\localhost_2172\"
		Release.AspNetCompiler.Updateable = "true"
		Release.AspNetCompiler.ForceOverwrite = "true"
		Release.AspNetCompiler.FixedNames = "false"
		Release.AspNetCompiler.Debug = "False"
		VWDPort = "2172"
		SlnRelativePath = "JsClient\"
	EndProjectSection
EndProject
Global
	GlobalSection(SolutionConfigurationPlatforms) = preSolution
		Debug|Any CPU = Debug|Any CPU
		Release|Any CPU = Release|Any CPU
	EndGlobalSection
	GlobalSection(ProjectConfigurationPlatforms) = postSolution
		{6914EED5-ADF6-41C8-9346-C1D34E43E5F4}.Debug|Any CPU.ActiveCfg = Debug|Any CPU
		{6914EED5-ADF6-41C8-9346-C1D34E43E5F4}.Debug|Any CPU.Build.0 = Debug|Any CPU
		{6914EED5-ADF6-41C8-9346-C1D34E43E5F4}.Release|Any CPU.ActiveCfg = Release|Any CPU
		{6914EED5-ADF6-41C8-9346-C1D34E43E5F4}.Release|Any CPU.Build.0 = Release|Any CPU
		{92294ABD-2550-4783-9331-7FADB440C04A}.Debug|Any CPU.ActiveCfg = Debug|Any CPU
		{92294ABD-2550-4783-9331-7FADB440C04A}.Debug|Any CPU.Build.0 = Debug|Any CPU
		{92294ABD-2550-4783-9331-7FADB440C04A}.Release|Any CPU.ActiveCfg = Release|Any CPU
		{92294ABD-2550-4783-9331-7FADB440C04A}.Release|Any CPU.Build.0 = Release|Any CPU
		{FBE1C1A6-CCCD-447A-9D45-CF9461A2E54B}.Debug|Any CPU.ActiveCfg = Debug|Any CPU
		{FBE1C1A6-CCCD-447A-9D45-CF9461A2E54B}.Debug|Any CPU.Build.0 = Debug|Any CPU
		{FBE1C1A6-CCCD-447A-9D45-CF9461A2E54B}.Release|Any CPU.ActiveCfg = Release|Any CPU
		{FBE1C1A6-CCCD-447A-9D45-CF9461A2E54B}.Release|Any CPU.Build.0 = Release|Any CPU
		{36DB54C3-8E72-40F5-95A2-01985CA40E2C}.Debug|Any CPU.ActiveCfg = Debug|Any CPU
		{36DB54C3-8E72-40F5-95A2-01985CA40E2C}.Debug|Any CPU.Build.0 = Debug|Any CPU
		{36DB54C3-8E72-40F5-95A2-01985CA40E2C}.Release|Any CPU.ActiveCfg = Release|Any CPU
		{36DB54C3-8E72-40F5-95A2-01985CA40E2C}.Release|Any CPU.Build.0 = Release|Any CPU
		{90E7D41F-219A-47BD-AD9E-7BEAC9C6FDAD}.Debug|Any CPU.ActiveCfg = Debug|Any CPU
		{90E7D41F-219A-47BD-AD9E-7BEAC9C6FDAD}.Debug|Any CPU.Build.0 = Debug|Any CPU
		{90E7D41F-219A-47BD-AD9E-7BEAC9C6FDAD}.Release|Any CPU.ActiveCfg = Release|Any CPU
		{90E7D41F-219A-47BD-AD9E-7BEAC9C6FDAD}.Release|Any CPU.Build.0 = Release|Any CPU
		{F007C32E-43DC-448D-A1A6-A962A51930F0}.Debug|Any CPU.ActiveCfg = Debug|Any CPU
		{F007C32E-43DC-448D-A1A6-A962A51930F0}.Debug|Any CPU.Build.0 = Debug|Any CPU
		{F007C32E-43DC-448D-A1A6-A962A51930F0}.Release|Any CPU.ActiveCfg = Release|Any CPU
		{F007C32E-43DC-448D-A1A6-A962A51930F0}.Release|Any CPU.Build.0 = Release|Any CPU
		{65F105F7-CE10-43B0-978E-FA2AEC454970}.Debug|Any CPU.ActiveCfg = Debug|Any CPU
		{65F105F7-CE10-43B0-978E-FA2AEC454970}.Debug|Any CPU.Build.0 = Debug|Any CPU
		{65F105F7-CE10-43B0-978E-FA2AEC454970}.Release|Any CPU.ActiveCfg = Release|Any CPU
		{65F105F7-CE10-43B0-978E-FA2AEC454970}.Release|Any CPU.Build.0 = Release|Any CPU
		{DD22BAFC-1B13-4EE2-BE62-1C1F01CEED69}.Debug|Any CPU.ActiveCfg = Debug|Any CPU
		{DD22BAFC-1B13-4EE2-BE62-1C1F01CEED69}.Debug|Any CPU.Build.0 = Debug|Any CPU
		{DD22BAFC-1B13-4EE2-BE62-1C1F01CEED69}.Release|Any CPU.ActiveCfg = Release|Any CPU
		{DD22BAFC-1B13-4EE2-BE62-1C1F01CEED69}.Release|Any CPU.Build.0 = Release|Any CPU
		{9CA8DB6F-6974-4F49-9B51-249CCCCC3DD4}.Debug|Any CPU.ActiveCfg = Debug|Any CPU
		{9CA8DB6F-6974-4F49-9B51-249CCCCC3DD4}.Debug|Any CPU.Build.0 = Debug|Any CPU
		{9CA8DB6F-6974-4F49-9B51-249CCCCC3DD4}.Release|Any CPU.ActiveCfg = Debug|Any CPU
		{9CA8DB6F-6974-4F49-9B51-249CCCCC3DD4}.Release|Any CPU.Build.0 = Debug|Any CPU
	EndGlobalSection
	GlobalSection(SolutionProperties) = preSolution
		HideSolutionNode = FALSE
	EndGlobalSection
	GlobalSection(NestedProjects) = preSolution
		{6914EED5-ADF6-41C8-9346-C1D34E43E5F4} = {1DCFFFC2-391C-4F1D-BF9A-8AE30DC3B32C}
		{92294ABD-2550-4783-9331-7FADB440C04A} = {1DCFFFC2-391C-4F1D-BF9A-8AE30DC3B32C}
		{FBE1C1A6-CCCD-447A-9D45-CF9461A2E54B} = {5EA9B297-943D-4FF5-A907-DE9A908692B6}
		{36DB54C3-8E72-40F5-95A2-01985CA40E2C} = {D95EF4E8-8C6F-4648-BA19-20302FDEEDF3}
		{90E7D41F-219A-47BD-AD9E-7BEAC9C6FDAD} = {41C4659A-7F72-43BE-8FCD-5E489C601D4A}
		{F007C32E-43DC-448D-A1A6-A962A51930F0} = {01F9AA9B-CC8E-4664-A39E-A7B381283D72}
		{65F105F7-CE10-43B0-978E-FA2AEC454970} = {5EA9B297-943D-4FF5-A907-DE9A908692B6}
		{DD22BAFC-1B13-4EE2-BE62-1C1F01CEED69} = {5EA9B297-943D-4FF5-A907-DE9A908692B6}
		{9CA8DB6F-6974-4F49-9B51-249CCCCC3DD4} = {E91D25C5-5562-4D40-908B-5B95EF534D4E}
	EndGlobalSection
EndGlobal
