
Microsoft Visual Studio Solution File, Format Version 12.00
# Visual Studio 14
VisualStudioVersion = 14.0.23107.0
MinimumVisualStudioVersion = 10.0.40219.1
Project("{2150E333-8FDC-42A3-9474-1A3956D46DE8}") = "Data", "Data", "{1DCFFFC2-391C-4F1D-BF9A-8AE30DC3B32C}"
EndProject
Project("{2150E333-8FDC-42A3-9474-1A3956D46DE8}") = "Server", "Server", "{D95EF4E8-8C6F-4648-BA19-20302FDEEDF3}"
EndProject
Project("{2150E333-8FDC-42A3-9474-1A3956D46DE8}") = "Services", "Services", "{5EA9B297-943D-4FF5-A907-DE9A908692B6}"
EndProject
Project("{2150E333-8FDC-42A3-9474-1A3956D46DE8}") = "Tests", "Tests", "{41C4659A-7F72-43BE-8FCD-5E489C601D4A}"
EndProject
Project("{2150E333-8FDC-42A3-9474-1A3956D46DE8}") = "UI", "UI", "{C3893050-6F47-4DC3-A5D9-5E06385FAA82}"
EndProject
Project("{FAE04EC0-301F-11D3-BF4B-00C04F79EFBC}") = "pSher.Data", "Data\pSher.Data\pSher.Data.csproj", "{6914EED5-ADF6-41C8-9346-C1D34E43E5F4}"
EndProject
Project("{FAE04EC0-301F-11D3-BF4B-00C04F79EFBC}") = "pSher.Models", "Data\pSher.Models\pSher.Models.csproj", "{92294ABD-2550-4783-9331-7FADB440C04A}"
EndProject
Project("{FAE04EC0-301F-11D3-BF4B-00C04F79EFBC}") = "pSher.Services.Data", "Services\pSher.Services.Data\pSher.Services.Data.csproj", "{FBE1C1A6-CCCD-447A-9D45-CF9461A2E54B}"
EndProject
Project("{2150E333-8FDC-42A3-9474-1A3956D46DE8}") = "WPF", "WPF", "{1B9CED99-B30F-433A-92EB-339ED795E967}"
EndProject
Project("{FAE04EC0-301F-11D3-BF4B-00C04F79EFBC}") = "pSher.UI.WPF", "UI\WPF\pSher.UI.WPF\pSher.UI.WPF.csproj", "{9CBD0A88-5EAD-4FE5-A1B8-B2E84EDA8136}"
EndProject
Project("{FAE04EC0-301F-11D3-BF4B-00C04F79EFBC}") = "pSher.Api", "Server\pSher.Api\pSher.Api.csproj", "{36DB54C3-8E72-40F5-95A2-01985CA40E2C}"
EndProject
Project("{FAE04EC0-301F-11D3-BF4B-00C04F79EFBC}") = "pSher.Api.Tests", "Tests\pSher.Api.Tests\pSher.Api.Tests.csproj", "{90E7D41F-219A-47BD-AD9E-7BEAC9C6FDAD}"
EndProject
Global
	GlobalSection(SolutionConfigurationPlatforms) = preSolution
		Debug|Any CPU = Debug|Any CPU
		Release|Any CPU = Release|Any CPU
	EndGlobalSection
	GlobalSection(ProjectConfigurationPlatforms) = postSolution
		{6914EED5-ADF6-41C8-9346-C1D34E43E5F4}.Debug|Any CPU.ActiveCfg = Debug|Any CPU
		{6914EED5-ADF6-41C8-9346-C1D34E43E5F4}.Debug|Any CPU.Build.0 = Debug|Any CPU
		{6914EED5-ADF6-41C8-9346-C1D34E43E5F4}.Release|Any CPU.ActiveCfg = Release|Any CPU
		{6914EED5-ADF6-41C8-9346-C1D34E43E5F4}.Release|Any CPU.Build.0 = Release|Any CPU
		{92294ABD-2550-4783-9331-7FADB440C04A}.Debug|Any CPU.ActiveCfg = Debug|Any CPU
		{92294ABD-2550-4783-9331-7FADB440C04A}.Debug|Any CPU.Build.0 = Debug|Any CPU
		{92294ABD-2550-4783-9331-7FADB440C04A}.Release|Any CPU.ActiveCfg = Release|Any CPU
		{92294ABD-2550-4783-9331-7FADB440C04A}.Release|Any CPU.Build.0 = Release|Any CPU
		{FBE1C1A6-CCCD-447A-9D45-CF9461A2E54B}.Debug|Any CPU.ActiveCfg = Debug|Any CPU
		{FBE1C1A6-CCCD-447A-9D45-CF9461A2E54B}.Debug|Any CPU.Build.0 = Debug|Any CPU
		{FBE1C1A6-CCCD-447A-9D45-CF9461A2E54B}.Release|Any CPU.ActiveCfg = Release|Any CPU
		{FBE1C1A6-CCCD-447A-9D45-CF9461A2E54B}.Release|Any CPU.Build.0 = Release|Any CPU
		{9CBD0A88-5EAD-4FE5-A1B8-B2E84EDA8136}.Debug|Any CPU.ActiveCfg = Debug|Any CPU
		{9CBD0A88-5EAD-4FE5-A1B8-B2E84EDA8136}.Debug|Any CPU.Build.0 = Debug|Any CPU
		{9CBD0A88-5EAD-4FE5-A1B8-B2E84EDA8136}.Release|Any CPU.ActiveCfg = Release|Any CPU
		{9CBD0A88-5EAD-4FE5-A1B8-B2E84EDA8136}.Release|Any CPU.Build.0 = Release|Any CPU
		{36DB54C3-8E72-40F5-95A2-01985CA40E2C}.Debug|Any CPU.ActiveCfg = Debug|Any CPU
		{36DB54C3-8E72-40F5-95A2-01985CA40E2C}.Debug|Any CPU.Build.0 = Debug|Any CPU
		{36DB54C3-8E72-40F5-95A2-01985CA40E2C}.Release|Any CPU.ActiveCfg = Release|Any CPU
		{36DB54C3-8E72-40F5-95A2-01985CA40E2C}.Release|Any CPU.Build.0 = Release|Any CPU
		{90E7D41F-219A-47BD-AD9E-7BEAC9C6FDAD}.Debug|Any CPU.ActiveCfg = Debug|Any CPU
		{90E7D41F-219A-47BD-AD9E-7BEAC9C6FDAD}.Debug|Any CPU.Build.0 = Debug|Any CPU
		{90E7D41F-219A-47BD-AD9E-7BEAC9C6FDAD}.Release|Any CPU.ActiveCfg = Release|Any CPU
		{90E7D41F-219A-47BD-AD9E-7BEAC9C6FDAD}.Release|Any CPU.Build.0 = Release|Any CPU
	EndGlobalSection
	GlobalSection(SolutionProperties) = preSolution
		HideSolutionNode = FALSE
	EndGlobalSection
	GlobalSection(NestedProjects) = preSolution
		{6914EED5-ADF6-41C8-9346-C1D34E43E5F4} = {1DCFFFC2-391C-4F1D-BF9A-8AE30DC3B32C}
		{92294ABD-2550-4783-9331-7FADB440C04A} = {1DCFFFC2-391C-4F1D-BF9A-8AE30DC3B32C}
		{FBE1C1A6-CCCD-447A-9D45-CF9461A2E54B} = {5EA9B297-943D-4FF5-A907-DE9A908692B6}
		{1B9CED99-B30F-433A-92EB-339ED795E967} = {C3893050-6F47-4DC3-A5D9-5E06385FAA82}
		{9CBD0A88-5EAD-4FE5-A1B8-B2E84EDA8136} = {1B9CED99-B30F-433A-92EB-339ED795E967}
		{36DB54C3-8E72-40F5-95A2-01985CA40E2C} = {D95EF4E8-8C6F-4648-BA19-20302FDEEDF3}
		{90E7D41F-219A-47BD-AD9E-7BEAC9C6FDAD} = {41C4659A-7F72-43BE-8FCD-5E489C601D4A}
	EndGlobalSection
EndGlobal
